
Microsoft Visual Studio Solution File, Format Version 12.00
# Visual Studio Version 16
VisualStudioVersion = 16.0.28803.452
MinimumVisualStudioVersion = 10.0.40219.1
Project("{9A19103F-16F7-4668-BE54-9A1E7A4F7556}") = "DBF", "DBFramework\DBF.csproj", "{16730BA7-99D7-4AF4-9A7D-8AB1C000228A}"
EndProject
Project("{FAE04EC0-301F-11D3-BF4B-00C04F79EFBC}") = "DBF.Sandbox", "DBF.Sandbox\DBF.Sandbox.csproj", "{3492EE1E-F58A-4639-A38C-5BD515715B69}"
EndProject
Project("{FAE04EC0-301F-11D3-BF4B-00C04F79EFBC}") = "DBF.Sql", "DBF.SqlActionProvider\DBF.Sql.csproj", "{6DEA8A04-32B4-49DA-81D0-27FE1DA3B43C}"
EndProject
Global
	GlobalSection(SolutionConfigurationPlatforms) = preSolution
		Debug|Any CPU = Debug|Any CPU
		Release|Any CPU = Release|Any CPU
	EndGlobalSection
	GlobalSection(ProjectConfigurationPlatforms) = postSolution
		{16730BA7-99D7-4AF4-9A7D-8AB1C000228A}.Debug|Any CPU.ActiveCfg = Debug|Any CPU
		{16730BA7-99D7-4AF4-9A7D-8AB1C000228A}.Debug|Any CPU.Build.0 = Debug|Any CPU
		{16730BA7-99D7-4AF4-9A7D-8AB1C000228A}.Release|Any CPU.ActiveCfg = Release|Any CPU
		{16730BA7-99D7-4AF4-9A7D-8AB1C000228A}.Release|Any CPU.Build.0 = Release|Any CPU
		{3492EE1E-F58A-4639-A38C-5BD515715B69}.Debug|Any CPU.ActiveCfg = Debug|Any CPU
		{3492EE1E-F58A-4639-A38C-5BD515715B69}.Debug|Any CPU.Build.0 = Debug|Any CPU
		{3492EE1E-F58A-4639-A38C-5BD515715B69}.Release|Any CPU.ActiveCfg = Release|Any CPU
		{3492EE1E-F58A-4639-A38C-5BD515715B69}.Release|Any CPU.Build.0 = Release|Any CPU
		{6DEA8A04-32B4-49DA-81D0-27FE1DA3B43C}.Debug|Any CPU.ActiveCfg = Debug|Any CPU
		{6DEA8A04-32B4-49DA-81D0-27FE1DA3B43C}.Debug|Any CPU.Build.0 = Debug|Any CPU
		{6DEA8A04-32B4-49DA-81D0-27FE1DA3B43C}.Release|Any CPU.ActiveCfg = Release|Any CPU
		{6DEA8A04-32B4-49DA-81D0-27FE1DA3B43C}.Release|Any CPU.Build.0 = Release|Any CPU
	EndGlobalSection
	GlobalSection(SolutionProperties) = preSolution
		HideSolutionNode = FALSE
	EndGlobalSection
	GlobalSection(ExtensibilityGlobals) = postSolution
		SolutionGuid = {21DFDF99-9C31-4FFB-A2A8-CF0818FFAFAC}
	EndGlobalSection
EndGlobal
